
Microsoft Visual Studio Solution File, Format Version 12.00
# Visual Studio Version 17
VisualStudioVersion = 17.0.31903.59
MinimumVisualStudioVersion = 10.0.40219.1
Project("{2150E333-8FDC-42A3-9474-1A3956D46DE8}") = "backend", "backend", "{1AE8ACA6-933B-BF2A-3671-3E2EAC007D16}"
EndProject
Project("{FAE04EC0-301F-11D3-BF4B-00C04F79EFBC}") = "CCMS.Api", "backend\CCMS.Api\CCMS.Api.csproj", "{119D2CCA-3EDB-43AC-9DEC-4ADE3CE4A1E1}"
EndProject
Project("{FAE04EC0-301F-11D3-BF4B-00C04F79EFBC}") = "CCMS.Domain", "backend\CCMS.Domain\CCMS.Domain.csproj", "{523053A0-3B02-43EC-9750-D84EF683BEE1}"
EndProject
Project("{FAE04EC0-301F-11D3-BF4B-00C04F79EFBC}") = "CCMS.Application", "backend\CCMS.Application\CCMS.Application.csproj", "{09B8D198-7E45-4F5F-A46E-584F615182B1}"
EndProject
Project("{FAE04EC0-301F-11D3-BF4B-00C04F79EFBC}") = "CCMS.Infrastructure", "backend\CCMS.Infrastructure\CCMS.Infrastructure.csproj", "{5BB4BA9A-963B-4569-8716-4B60E7DE9F84}"
EndProject
Project("{FAE04EC0-301F-11D3-BF4B-00C04F79EFBC}") = "CCMS.Shared", "backend\CCMS.Shared\CCMS.Shared.csproj", "{1A81B7B4-98E6-4E7D-AF4A-D06A30227B94}"
EndProject
Global
	GlobalSection(SolutionConfigurationPlatforms) = preSolution
		Debug|Any CPU = Debug|Any CPU
		Debug|x64 = Debug|x64
		Debug|x86 = Debug|x86
		Release|Any CPU = Release|Any CPU
		Release|x64 = Release|x64
		Release|x86 = Release|x86
	EndGlobalSection
	GlobalSection(ProjectConfigurationPlatforms) = postSolution
		{119D2CCA-3EDB-43AC-9DEC-4ADE3CE4A1E1}.Debug|Any CPU.ActiveCfg = Debug|Any CPU
		{119D2CCA-3EDB-43AC-9DEC-4ADE3CE4A1E1}.Debug|Any CPU.Build.0 = Debug|Any CPU
		{119D2CCA-3EDB-43AC-9DEC-4ADE3CE4A1E1}.Debug|x64.ActiveCfg = Debug|Any CPU
		{119D2CCA-3EDB-43AC-9DEC-4ADE3CE4A1E1}.Debug|x64.Build.0 = Debug|Any CPU
		{119D2CCA-3EDB-43AC-9DEC-4ADE3CE4A1E1}.Debug|x86.ActiveCfg = Debug|Any CPU
		{119D2CCA-3EDB-43AC-9DEC-4ADE3CE4A1E1}.Debug|x86.Build.0 = Debug|Any CPU
		{119D2CCA-3EDB-43AC-9DEC-4ADE3CE4A1E1}.Release|Any CPU.ActiveCfg = Release|Any CPU
		{119D2CCA-3EDB-43AC-9DEC-4ADE3CE4A1E1}.Release|Any CPU.Build.0 = Release|Any CPU
		{119D2CCA-3EDB-43AC-9DEC-4ADE3CE4A1E1}.Release|x64.ActiveCfg = Release|Any CPU
		{119D2CCA-3EDB-43AC-9DEC-4ADE3CE4A1E1}.Release|x64.Build.0 = Release|Any CPU
		{119D2CCA-3EDB-43AC-9DEC-4ADE3CE4A1E1}.Release|x86.ActiveCfg = Release|Any CPU
		{119D2CCA-3EDB-43AC-9DEC-4ADE3CE4A1E1}.Release|x86.Build.0 = Release|Any CPU
		{523053A0-3B02-43EC-9750-D84EF683BEE1}.Debug|Any CPU.ActiveCfg = Debug|Any CPU
		{523053A0-3B02-43EC-9750-D84EF683BEE1}.Debug|Any CPU.Build.0 = Debug|Any CPU
		{523053A0-3B02-43EC-9750-D84EF683BEE1}.Debug|x64.ActiveCfg = Debug|Any CPU
		{523053A0-3B02-43EC-9750-D84EF683BEE1}.Debug|x64.Build.0 = Debug|Any CPU
		{523053A0-3B02-43EC-9750-D84EF683BEE1}.Debug|x86.ActiveCfg = Debug|Any CPU
		{523053A0-3B02-43EC-9750-D84EF683BEE1}.Debug|x86.Build.0 = Debug|Any CPU
		{523053A0-3B02-43EC-9750-D84EF683BEE1}.Release|Any CPU.ActiveCfg = Release|Any CPU
		{523053A0-3B02-43EC-9750-D84EF683BEE1}.Release|Any CPU.Build.0 = Release|Any CPU
		{523053A0-3B02-43EC-9750-D84EF683BEE1}.Release|x64.ActiveCfg = Release|Any CPU
		{523053A0-3B02-43EC-9750-D84EF683BEE1}.Release|x64.Build.0 = Release|Any CPU
		{523053A0-3B02-43EC-9750-D84EF683BEE1}.Release|x86.ActiveCfg = Release|Any CPU
		{523053A0-3B02-43EC-9750-D84EF683BEE1}.Release|x86.Build.0 = Release|Any CPU
		{09B8D198-7E45-4F5F-A46E-584F615182B1}.Debug|Any CPU.ActiveCfg = Debug|Any CPU
		{09B8D198-7E45-4F5F-A46E-584F615182B1}.Debug|Any CPU.Build.0 = Debug|Any CPU
		{09B8D198-7E45-4F5F-A46E-584F615182B1}.Debug|x64.ActiveCfg = Debug|Any CPU
		{09B8D198-7E45-4F5F-A46E-584F615182B1}.Debug|x64.Build.0 = Debug|Any CPU
		{09B8D198-7E45-4F5F-A46E-584F615182B1}.Debug|x86.ActiveCfg = Debug|Any CPU
		{09B8D198-7E45-4F5F-A46E-584F615182B1}.Debug|x86.Build.0 = Debug|Any CPU
		{09B8D198-7E45-4F5F-A46E-584F615182B1}.Release|Any CPU.ActiveCfg = Release|Any CPU
		{09B8D198-7E45-4F5F-A46E-584F615182B1}.Release|Any CPU.Build.0 = Release|Any CPU
		{09B8D198-7E45-4F5F-A46E-584F615182B1}.Release|x64.ActiveCfg = Release|Any CPU
		{09B8D198-7E45-4F5F-A46E-584F615182B1}.Release|x64.Build.0 = Release|Any CPU
		{09B8D198-7E45-4F5F-A46E-584F615182B1}.Release|x86.ActiveCfg = Release|Any CPU
		{09B8D198-7E45-4F5F-A46E-584F615182B1}.Release|x86.Build.0 = Release|Any CPU
		{5BB4BA9A-963B-4569-8716-4B60E7DE9F84}.Debug|Any CPU.ActiveCfg = Debug|Any CPU
		{5BB4BA9A-963B-4569-8716-4B60E7DE9F84}.Debug|Any CPU.Build.0 = Debug|Any CPU
		{5BB4BA9A-963B-4569-8716-4B60E7DE9F84}.Debug|x64.ActiveCfg = Debug|Any CPU
		{5BB4BA9A-963B-4569-8716-4B60E7DE9F84}.Debug|x64.Build.0 = Debug|Any CPU
		{5BB4BA9A-963B-4569-8716-4B60E7DE9F84}.Debug|x86.ActiveCfg = Debug|Any CPU
		{5BB4BA9A-963B-4569-8716-4B60E7DE9F84}.Debug|x86.Build.0 = Debug|Any CPU
		{5BB4BA9A-963B-4569-8716-4B60E7DE9F84}.Release|Any CPU.ActiveCfg = Release|Any CPU
		{5BB4BA9A-963B-4569-8716-4B60E7DE9F84}.Release|Any CPU.Build.0 = Release|Any CPU
		{5BB4BA9A-963B-4569-8716-4B60E7DE9F84}.Release|x64.ActiveCfg = Release|Any CPU
		{5BB4BA9A-963B-4569-8716-4B60E7DE9F84}.Release|x64.Build.0 = Release|Any CPU
		{5BB4BA9A-963B-4569-8716-4B60E7DE9F84}.Release|x86.ActiveCfg = Release|Any CPU
		{5BB4BA9A-963B-4569-8716-4B60E7DE9F84}.Release|x86.Build.0 = Release|Any CPU
		{1A81B7B4-98E6-4E7D-AF4A-D06A30227B94}.Debug|Any CPU.ActiveCfg = Debug|Any CPU
		{1A81B7B4-98E6-4E7D-AF4A-D06A30227B94}.Debug|Any CPU.Build.0 = Debug|Any CPU
		{1A81B7B4-98E6-4E7D-AF4A-D06A30227B94}.Debug|x64.ActiveCfg = Debug|Any CPU
		{1A81B7B4-98E6-4E7D-AF4A-D06A30227B94}.Debug|x64.Build.0 = Debug|Any CPU
		{1A81B7B4-98E6-4E7D-AF4A-D06A30227B94}.Debug|x86.ActiveCfg = Debug|Any CPU
		{1A81B7B4-98E6-4E7D-AF4A-D06A30227B94}.Debug|x86.Build.0 = Debug|Any CPU
		{1A81B7B4-98E6-4E7D-AF4A-D06A30227B94}.Release|Any CPU.ActiveCfg = Release|Any CPU
		{1A81B7B4-98E6-4E7D-AF4A-D06A30227B94}.Release|Any CPU.Build.0 = Release|Any CPU
		{1A81B7B4-98E6-4E7D-AF4A-D06A30227B94}.Release|x64.ActiveCfg = Release|Any CPU
		{1A81B7B4-98E6-4E7D-AF4A-D06A30227B94}.Release|x64.Build.0 = Release|Any CPU
		{1A81B7B4-98E6-4E7D-AF4A-D06A30227B94}.Release|x86.ActiveCfg = Release|Any CPU
		{1A81B7B4-98E6-4E7D-AF4A-D06A30227B94}.Release|x86.Build.0 = Release|Any CPU
	EndGlobalSection
	GlobalSection(SolutionProperties) = preSolution
		HideSolutionNode = FALSE
	EndGlobalSection
	GlobalSection(NestedProjects) = preSolution
		{119D2CCA-3EDB-43AC-9DEC-4ADE3CE4A1E1} = {1AE8ACA6-933B-BF2A-3671-3E2EAC007D16}
		{523053A0-3B02-43EC-9750-D84EF683BEE1} = {1AE8ACA6-933B-BF2A-3671-3E2EAC007D16}
		{09B8D198-7E45-4F5F-A46E-584F615182B1} = {1AE8ACA6-933B-BF2A-3671-3E2EAC007D16}
		{5BB4BA9A-963B-4569-8716-4B60E7DE9F84} = {1AE8ACA6-933B-BF2A-3671-3E2EAC007D16}
		{1A81B7B4-98E6-4E7D-AF4A-D06A30227B94} = {1AE8ACA6-933B-BF2A-3671-3E2EAC007D16}
	EndGlobalSection
EndGlobal
